// !$*UTF8*$!
{
	archiveVersion = 1;
	classes = {
	};
	objectVersion = 46;
	objects = {

/* Begin PBXBuildFile section */
		CD0262D51B27AE71001938B0 /* AppDelegate.swift in Sources */ = {isa = PBXBuildFile; fileRef = CD0262D41B27AE71001938B0 /* AppDelegate.swift */; };
		CD0262D71B27AE71001938B0 /* ViewController.swift in Sources */ = {isa = PBXBuildFile; fileRef = CD0262D61B27AE71001938B0 /* ViewController.swift */; };
		CD0262DA1B27AE71001938B0 /* Main.storyboard in Resources */ = {isa = PBXBuildFile; fileRef = CD0262D81B27AE71001938B0 /* Main.storyboard */; };
		CD0262DC1B27AE71001938B0 /* Images.xcassets in Resources */ = {isa = PBXBuildFile; fileRef = CD0262DB1B27AE71001938B0 /* Images.xcassets */; };
		CD0262DF1B27AE71001938B0 /* LaunchScreen.xib in Resources */ = {isa = PBXBuildFile; fileRef = CD0262DD1B27AE71001938B0 /* LaunchScreen.xib */; };
		CD0262EB1B27AE72001938B0 /* MemeMeTests.swift in Sources */ = {isa = PBXBuildFile; fileRef = CD0262EA1B27AE72001938B0 /* MemeMeTests.swift */; };
/* End PBXBuildFile section */

/* Begin PBXContainerItemProxy section */
		CD0262E51B27AE72001938B0 /* PBXContainerItemProxy */ = {
			isa = PBXContainerItemProxy;
			containerPortal = CD0262C71B27AE71001938B0 /* Project object */;
			proxyType = 1;
			remoteGlobalIDString = CD0262CE1B27AE71001938B0;
			remoteInfo = MemeMe;
		};
/* End PBXContainerItemProxy section */

/* Begin PBXFileReference section */
		CD0262CF1B27AE71001938B0 /* MemeMe.app */ = {isa = PBXFileReference; explicitFileType = wrapper.application; includeInIndex = 0; path = MemeMe.app; sourceTree = BUILT_PRODUCTS_DIR; };
		CD0262D31B27AE71001938B0 /* Info.plist */ = {isa = PBXFileReference; lastKnownFileType = text.plist.xml; path = Info.plist; sourceTree = "<group>"; };
		CD0262D41B27AE71001938B0 /* AppDelegate.swift */ = {isa = PBXFileReference; lastKnownFileType = sourcecode.swift; path = AppDelegate.swift; sourceTree = "<group>"; };
		CD0262D61B27AE71001938B0 /* ViewController.swift */ = {isa = PBXFileReference; lastKnownFileType = sourcecode.swift; path = ViewController.swift; sourceTree = "<group>"; };
		CD0262D91B27AE71001938B0 /* Base */ = {isa = PBXFileReference; lastKnownFileType = file.storyboard; name = Base; path = Base.lproj/Main.storyboard; sourceTree = "<group>"; };
		CD0262DB1B27AE71001938B0 /* Images.xcassets */ = {isa = PBXFileReference; lastKnownFileType = folder.assetcatalog; path = Images.xcassets; sourceTree = "<group>"; };
		CD0262DE1B27AE71001938B0 /* Base */ = {isa = PBXFileReference; lastKnownFileType = file.xib; name = Base; path = Base.lproj/LaunchScreen.xib; sourceTree = "<group>"; };
		CD0262E41B27AE72001938B0 /* MemeMeTests.xctest */ = {isa = PBXFileReference; explicitFileType = wrapper.cfbundle; includeInIndex = 0; path = MemeMeTests.xctest; sourceTree = BUILT_PRODUCTS_DIR; };
		CD0262E91B27AE72001938B0 /* Info.plist */ = {isa = PBXFileReference; lastKnownFileType = text.plist.xml; path = Info.plist; sourceTree = "<group>"; };
		CD0262EA1B27AE72001938B0 /* MemeMeTests.swift */ = {isa = PBXFileReference; lastKnownFileType = sourcecode.swift; path = MemeMeTests.swift; sourceTree = "<group>"; };
/* End PBXFileReference section */

/* Begin PBXFrameworksBuildPhase section */
		CD0262CC1B27AE71001938B0 /* Frameworks */ = {
			isa = PBXFrameworksBuildPhase;
			buildActionMask = 2147483647;
			files = (
			);
			runOnlyForDeploymentPostprocessing = 0;
		};
		CD0262E11B27AE72001938B0 /* Frameworks */ = {
			isa = PBXFrameworksBuildPhase;
			buildActionMask = 2147483647;
			files = (
			);
			runOnlyForDeploymentPostprocessing = 0;
		};
/* End PBXFrameworksBuildPhase section */

/* Begin PBXGroup section */
		CD0262C61B27AE71001938B0 = {
			isa = PBXGroup;
			children = (
				CD0262D11B27AE71001938B0 /* MemeMe */,
				CD0262E71B27AE72001938B0 /* MemeMeTests */,
				CD0262D01B27AE71001938B0 /* Products */,
			);
			sourceTree = "<group>";
		};
		CD0262D01B27AE71001938B0 /* Products */ = {
			isa = PBXGroup;
			children = (
				CD0262CF1B27AE71001938B0 /* MemeMe.app */,
				CD0262E41B27AE72001938B0 /* MemeMeTests.xctest */,
			);
			name = Products;
			sourceTree = "<group>";
		};
		CD0262D11B27AE71001938B0 /* MemeMe */ = {
			isa = PBXGroup;
			children = (
				CD0262D41B27AE71001938B0 /* AppDelegate.swift */,
				CD0262D61B27AE71001938B0 /* ViewController.swift */,
				CD0262D81B27AE71001938B0 /* Main.storyboard */,
				CD0262DB1B27AE71001938B0 /* Images.xcassets */,
				CD0262DD1B27AE71001938B0 /* LaunchScreen.xib */,
				CD0262D21B27AE71001938B0 /* Supporting Files */,
			);
			path = MemeMe;
			sourceTree = "<group>";
		};
		CD0262D21B27AE71001938B0 /* Supporting Files */ = {
			isa = PBXGroup;
			children = (
				CD0262D31B27AE71001938B0 /* Info.plist */,
			);
			name = "Supporting Files";
			sourceTree = "<group>";
		};
		CD0262E71B27AE72001938B0 /* MemeMeTests */ = {
			isa = PBXGroup;
			children = (
				CD0262EA1B27AE72001938B0 /* MemeMeTests.swift */,
				CD0262E81B27AE72001938B0 /* Supporting Files */,
			);
			path = MemeMeTests;
			sourceTree = "<group>";
		};
		CD0262E81B27AE72001938B0 /* Supporting Files */ = {
			isa = PBXGroup;
			children = (
				CD0262E91B27AE72001938B0 /* Info.plist */,
			);
			name = "Supporting Files";
			sourceTree = "<group>";
		};
/* End PBXGroup section */

/* Begin PBXNativeTarget section */
		CD0262CE1B27AE71001938B0 /* MemeMe */ = {
			isa = PBXNativeTarget;
			buildConfigurationList = CD0262EE1B27AE72001938B0 /* Build configuration list for PBXNativeTarget "MemeMe" */;
			buildPhases = (
				CD0262CB1B27AE71001938B0 /* Sources */,
				CD0262CC1B27AE71001938B0 /* Frameworks */,
				CD0262CD1B27AE71001938B0 /* Resources */,
			);
			buildRules = (
			);
			dependencies = (
			);
			name = MemeMe;
			productName = MemeMe;
			productReference = CD0262CF1B27AE71001938B0 /* MemeMe.app */;
			productType = "com.apple.product-type.application";
		};
		CD0262E31B27AE72001938B0 /* MemeMeTests */ = {
			isa = PBXNativeTarget;
			buildConfigurationList = CD0262F11B27AE72001938B0 /* Build configuration list for PBXNativeTarget "MemeMeTests" */;
			buildPhases = (
				CD0262E01B27AE72001938B0 /* Sources */,
				CD0262E11B27AE72001938B0 /* Frameworks */,
				CD0262E21B27AE72001938B0 /* Resources */,
			);
			buildRules = (
			);
			dependencies = (
				CD0262E61B27AE72001938B0 /* PBXTargetDependency */,
			);
			name = MemeMeTests;
			productName = MemeMeTests;
			productReference = CD0262E41B27AE72001938B0 /* MemeMeTests.xctest */;
			productType = "com.apple.product-type.bundle.unit-test";
		};
/* End PBXNativeTarget section */

/* Begin PBXProject section */
		CD0262C71B27AE71001938B0 /* Project object */ = {
			isa = PBXProject;
			attributes = {
				LastUpgradeCheck = 0630;
				ORGANIZATIONNAME = "Bernard Nghiem";
				TargetAttributes = {
					CD0262CE1B27AE71001938B0 = {
						CreatedOnToolsVersion = 6.3.1;
					};
					CD0262E31B27AE72001938B0 = {
						CreatedOnToolsVersion = 6.3.1;
						TestTargetID = CD0262CE1B27AE71001938B0;
					};
				};
			};
			buildConfigurationList = CD0262CA1B27AE71001938B0 /* Build configuration list for PBXProject "MemeMe" */;
			compatibilityVersion = "Xcode 3.2";
			developmentRegion = English;
			hasScannedForEncodings = 0;
			knownRegions = (
				en,
				Base,
			);
			mainGroup = CD0262C61B27AE71001938B0;
			productRefGroup = CD0262D01B27AE71001938B0 /* Products */;
			projectDirPath = "";
			projectRoot = "";
			targets = (
				CD0262CE1B27AE71001938B0 /* MemeMe */,
				CD0262E31B27AE72001938B0 /* MemeMeTests */,
			);
		};
/* End PBXProject section */

/* Begin PBXResourcesBuildPhase section */
		CD0262CD1B27AE71001938B0 /* Resources */ = {
			isa = PBXResourcesBuildPhase;
			buildActionMask = 2147483647;
			files = (
				CD0262DA1B27AE71001938B0 /* Main.storyboard in Resources */,
				CD0262DF1B27AE71001938B0 /* LaunchScreen.xib in Resources */,
				CD0262DC1B27AE71001938B0 /* Images.xcassets in Resources */,
			);
			runOnlyForDeploymentPostprocessing = 0;
		};
		CD0262E21B27AE72001938B0 /* Resources */ = {
			isa = PBXResourcesBuildPhase;
			buildActionMask = 2147483647;
			files = (
			);
			runOnlyForDeploymentPostprocessing = 0;
		};
/* End PBXResourcesBuildPhase section */

/* Begin PBXSourcesBuildPhase section */
		CD0262CB1B27AE71001938B0 /* Sources */ = {
			isa = PBXSourcesBuildPhase;
			buildActionMask = 2147483647;
			files = (
				CD0262D71B27AE71001938B0 /* ViewController.swift in Sources */,
				CD0262D51B27AE71001938B0 /* AppDelegate.swift in Sources */,
			);
			runOnlyForDeploymentPostprocessing = 0;
		};
		CD0262E01B27AE72001938B0 /* Sources */ = {
			isa = PBXSourcesBuildPhase;
			buildActionMask = 2147483647;
			files = (
				CD0262EB1B27AE72001938B0 /* MemeMeTests.swift in Sources */,
			);
			runOnlyForDeploymentPostprocessing = 0;
		};
/* End PBXSourcesBuildPhase section */

/* Begin PBXTargetDependency section */
		CD0262E61B27AE72001938B0 /* PBXTargetDependency */ = {
			isa = PBXTargetDependency;
			target = CD0262CE1B27AE71001938B0 /* MemeMe */;
			targetProxy = CD0262E51B27AE72001938B0 /* PBXContainerItemProxy */;
		};
/* End PBXTargetDependency section */

/* Begin PBXVariantGroup section */
		CD0262D81B27AE71001938B0 /* Main.storyboard */ = {
			isa = PBXVariantGroup;
			children = (
				CD0262D91B27AE71001938B0 /* Base */,
			);
			name = Main.storyboard;
			sourceTree = "<group>";
		};
		CD0262DD1B27AE71001938B0 /* LaunchScreen.xib */ = {
			isa = PBXVariantGroup;
			children = (
				CD0262DE1B27AE71001938B0 /* Base */,
			);
			name = LaunchScreen.xib;
			sourceTree = "<group>";
		};
/* End PBXVariantGroup section */

/* Begin XCBuildConfiguration section */
		CD0262EC1B27AE72001938B0 /* Debug */ = {
			isa = XCBuildConfiguration;
			buildSettings = {
				ALWAYS_SEARCH_USER_PATHS = NO;
				CLANG_CXX_LANGUAGE_STANDARD = "gnu++0x";
				CLANG_CXX_LIBRARY = "libc++";
				CLANG_ENABLE_MODULES = YES;
				CLANG_ENABLE_OBJC_ARC = YES;
				CLANG_WARN_BOOL_CONVERSION = YES;
				CLANG_WARN_CONSTANT_CONVERSION = YES;
				CLANG_WARN_DIRECT_OBJC_ISA_USAGE = YES_ERROR;
				CLANG_WARN_EMPTY_BODY = YES;
				CLANG_WARN_ENUM_CONVERSION = YES;
				CLANG_WARN_INT_CONVERSION = YES;
				CLANG_WARN_OBJC_ROOT_CLASS = YES_ERROR;
				CLANG_WARN_UNREACHABLE_CODE = YES;
				CLANG_WARN__DUPLICATE_METHOD_MATCH = YES;
				"CODE_SIGN_IDENTITY[sdk=iphoneos*]" = "iPhone Developer";
				COPY_PHASE_STRIP = NO;
				DEBUG_INFORMATION_FORMAT = "dwarf-with-dsym";
				ENABLE_STRICT_OBJC_MSGSEND = YES;
				GCC_C_LANGUAGE_STANDARD = gnu99;
				GCC_DYNAMIC_NO_PIC = NO;
				GCC_NO_COMMON_BLOCKS = YES;
				GCC_OPTIMIZATION_LEVEL = 0;
				GCC_PREPROCESSOR_DEFINITIONS = (
					"DEBUG=1",
					"$(inherited)",
				);
				GCC_SYMBOLS_PRIVATE_EXTERN = NO;
				GCC_WARN_64_TO_32_BIT_CONVERSION = YES;
				GCC_WARN_ABOUT_RETURN_TYPE = YES_ERROR;
				GCC_WARN_UNDECLARED_SELECTOR = YES;
				GCC_WARN_UNINITIALIZED_AUTOS = YES_AGGRESSIVE;
				GCC_WARN_UNUSED_FUNCTION = YES;
				GCC_WARN_UNUSED_VARIABLE = YES;
				IPHONEOS_DEPLOYMENT_TARGET = 8.3;
				MTL_ENABLE_DEBUG_INFO = YES;
				ONLY_ACTIVE_ARCH = YES;
				SDKROOT = iphoneos;
				SWIFT_OPTIMIZATION_LEVEL = "-Onone";
			};
			name = Debug;
		};
		CD0262ED1B27AE72001938B0 /* Release */ = {
			isa = XCBuildConfiguration;
			buildSettings = {
				ALWAYS_SEARCH_USER_PATHS = NO;
				CLANG_CXX_LANGUAGE_STANDARD = "gnu++0x";
				CLANG_CXX_LIBRARY = "libc++";
				CLANG_ENABLE_MODULES = YES;
				CLANG_ENABLE_OBJC_ARC = YES;
				CLANG_WARN_BOOL_CONVERSION = YES;
				CLANG_WARN_CONSTANT_CONVERSION = YES;
				CLANG_WARN_DIRECT_OBJC_ISA_USAGE = YES_ERROR;
				CLANG_WARN_EMPTY_BODY = YES;
				CLANG_WARN_ENUM_CONVERSION = YES;
				CLANG_WARN_INT_CONVERSION = YES;
				CLANG_WARN_OBJC_ROOT_CLASS = YES_ERROR;
				CLANG_WARN_UNREACHABLE_CODE = YES;
				CLANG_WARN__DUPLICATE_METHOD_MATCH = YES;
				"CODE_SIGN_IDENTITY[sdk=iphoneos*]" = "iPhone Developer";
				COPY_PHASE_STRIP = NO;
				DEBUG_INFORMATION_FORMAT = "dwarf-with-dsym";
				ENABLE_NS_ASSERTIONS = NO;
				ENABLE_STRICT_OBJC_MSGSEND = YES;
				GCC_C_LANGUAGE_STANDARD = gnu99;
				GCC_NO_COMMON_BLOCKS = YES;
				GCC_WARN_64_TO_32_BIT_CONVERSION = YES;
				GCC_WARN_ABOUT_RETURN_TYPE = YES_ERROR;
				GCC_WARN_UNDECLARED_SELECTOR = YES;
				GCC_WARN_UNINITIALIZED_AUTOS = YES_AGGRESSIVE;
				GCC_WARN_UNUSED_FUNCTION = YES;
				GCC_WARN_UNUSED_VARIABLE = YES;
				IPHONEOS_DEPLOYMENT_TARGET = 8.3;
				MTL_ENABLE_DEBUG_INFO = NO;
				SDKROOT = iphoneos;
				VALIDATE_PRODUCT = YES;
			};
			name = Release;
		};
		CD0262EF1B27AE72001938B0 /* Debug */ = {
			isa = XCBuildConfiguration;
			buildSettings = {
				ASSETCATALOG_COMPILER_APPICON_NAME = AppIcon;
				INFOPLIST_FILE = MemeMe/Info.plist;
				LD_RUNPATH_SEARCH_PATHS = "$(inherited) @executable_path/Frameworks";
				PRODUCT_NAME = "$(TARGET_NAME)";
			};
			name = Debug;
		};
		CD0262F01B27AE72001938B0 /* Release */ = {
			isa = XCBuildConfiguration;
			buildSettings = {
				ASSETCATALOG_COMPILER_APPICON_NAME = AppIcon;
				INFOPLIST_FILE = MemeMe/Info.plist;
				LD_RUNPATH_SEARCH_PATHS = "$(inherited) @executable_path/Frameworks";
				PRODUCT_NAME = "$(TARGET_NAME)";
			};
			name = Release;
		};
		CD0262F21B27AE72001938B0 /* Debug */ = {
			isa = XCBuildConfiguration;
			buildSettings = {
				BUNDLE_LOADER = "$(TEST_HOST)";
				FRAMEWORK_SEARCH_PATHS = (
					"$(SDKROOT)/Developer/Library/Frameworks",
					"$(inherited)",
				);
				GCC_PREPROCESSOR_DEFINITIONS = (
					"DEBUG=1",
					"$(inherited)",
				);
				INFOPLIST_FILE = MemeMeTests/Info.plist;
				LD_RUNPATH_SEARCH_PATHS = "$(inherited) @executable_path/Frameworks @loader_path/Frameworks";
				PRODUCT_NAME = "$(TARGET_NAME)";
				TEST_HOST = "$(BUILT_PRODUCTS_DIR)/MemeMe.app/MemeMe";
			};
			name = Debug;
		};
		CD0262F31B27AE72001938B0 /* Release */ = {
			isa = XCBuildConfiguration;
			buildSettings = {
				BUNDLE_LOADER = "$(TEST_HOST)";
				FRAMEWORK_SEARCH_PATHS = (
					"$(SDKROOT)/Developer/Library/Frameworks",
					"$(inherited)",
				);
				INFOPLIST_FILE = MemeMeTests/Info.plist;
				LD_RUNPATH_SEARCH_PATHS = "$(inherited) @executable_path/Frameworks @loader_path/Frameworks";
				PRODUCT_NAME = "$(TARGET_NAME)";
				TEST_HOST = "$(BUILT_PRODUCTS_DIR)/MemeMe.app/MemeMe";
			};
			name = Release;
		};
/* End XCBuildConfiguration section */

/* Begin XCConfigurationList section */
		CD0262CA1B27AE71001938B0 /* Build configuration list for PBXProject "MemeMe" */ = {
			isa = XCConfigurationList;
			buildConfigurations = (
				CD0262EC1B27AE72001938B0 /* Debug */,
				CD0262ED1B27AE72001938B0 /* Release */,
			);
			defaultConfigurationIsVisible = 0;
			defaultConfigurationName = Release;
		};
		CD0262EE1B27AE72001938B0 /* Build configuration list for PBXNativeTarget "MemeMe" */ = {
			isa = XCConfigurationList;
			buildConfigurations = (
				CD0262EF1B27AE72001938B0 /* Debug */,
				CD0262F01B27AE72001938B0 /* Release */,
			);
			defaultConfigurationIsVisible = 0;
		};
		CD0262F11B27AE72001938B0 /* Build configuration list for PBXNativeTarget "MemeMeTests" */ = {
			isa = XCConfigurationList;
			buildConfigurations = (
				CD0262F21B27AE72001938B0 /* Debug */,
				CD0262F31B27AE72001938B0 /* Release */,
			);
			defaultConfigurationIsVisible = 0;
		};
/* End XCConfigurationList section */
	};
	rootObject = CD0262C71B27AE71001938B0 /* Project object */;
}
